
Microsoft Visual Studio Solution File, Format Version 12.00
# Visual Studio Version 17
VisualStudioVersion = 17.11.35312.102
MinimumVisualStudioVersion = 10.0.40219.1
Project("{2150E333-8FDC-42A3-9474-1A3956D46DE8}") = "Solution Items", "Solution Items", "{3E2DA4C7-E5F7-450D-B899-24E580E9C657}"
	ProjectSection(SolutionItems) = preProject
		README.md = README.md
	EndProjectSection
EndProject
Project("{FAE04EC0-301F-11D3-BF4B-00C04F79EFBC}") = "SiralamaGercegi", "SiralamaGercegi\SiralamaGercegi.csproj", "{1E52393D-4B5F-4417-B7C8-BED74DFC2152}"
EndProject
Project("{FAE04EC0-301F-11D3-BF4B-00C04F79EFBC}") = "SortUfakOrnek", "SortUfakOrnek\SortUfakOrnek.csproj", "{F1D5A854-4C0B-46C4-B890-7C5A6D1016A4}"
EndProject
Project("{FAE04EC0-301F-11D3-BF4B-00C04F79EFBC}") = "AnkaraZonguldak", "AnkaraZonguldak\AnkaraZonguldak.csproj", "{39C4BF46-0A64-4976-89BA-D2F1DB40EFC4}"
EndProject
Project("{FAE04EC0-301F-11D3-BF4B-00C04F79EFBC}") = "YerDegistirme", "YerDegistirme\YerDegistirme.csproj", "{2E8D4541-EEEF-4F7C-8A41-59626F599E2D}"
EndProject
Project("{FAE04EC0-301F-11D3-BF4B-00C04F79EFBC}") = "HataYonetimi", "HataYonetimi\HataYonetimi.csproj", "{55A5F6C5-05A7-42BF-82D1-5BC713016481}"
EndProject
Project("{FAE04EC0-301F-11D3-BF4B-00C04F79EFBC}") = "SayininKaresi", "SayininKaresi\SayininKaresi.csproj", "{3AB21EB6-65DC-42B1-9B3F-8AEAA29572F3}"
EndProject
Global
	GlobalSection(SolutionConfigurationPlatforms) = preSolution
		Debug|Any CPU = Debug|Any CPU
		Release|Any CPU = Release|Any CPU
	EndGlobalSection
	GlobalSection(ProjectConfigurationPlatforms) = postSolution
		{1E52393D-4B5F-4417-B7C8-BED74DFC2152}.Debug|Any CPU.ActiveCfg = Debug|Any CPU
		{1E52393D-4B5F-4417-B7C8-BED74DFC2152}.Debug|Any CPU.Build.0 = Debug|Any CPU
		{1E52393D-4B5F-4417-B7C8-BED74DFC2152}.Release|Any CPU.ActiveCfg = Release|Any CPU
		{1E52393D-4B5F-4417-B7C8-BED74DFC2152}.Release|Any CPU.Build.0 = Release|Any CPU
		{F1D5A854-4C0B-46C4-B890-7C5A6D1016A4}.Debug|Any CPU.ActiveCfg = Debug|Any CPU
		{F1D5A854-4C0B-46C4-B890-7C5A6D1016A4}.Debug|Any CPU.Build.0 = Debug|Any CPU
		{F1D5A854-4C0B-46C4-B890-7C5A6D1016A4}.Release|Any CPU.ActiveCfg = Release|Any CPU
		{F1D5A854-4C0B-46C4-B890-7C5A6D1016A4}.Release|Any CPU.Build.0 = Release|Any CPU
		{39C4BF46-0A64-4976-89BA-D2F1DB40EFC4}.Debug|Any CPU.ActiveCfg = Debug|Any CPU
		{39C4BF46-0A64-4976-89BA-D2F1DB40EFC4}.Debug|Any CPU.Build.0 = Debug|Any CPU
		{39C4BF46-0A64-4976-89BA-D2F1DB40EFC4}.Release|Any CPU.ActiveCfg = Release|Any CPU
		{39C4BF46-0A64-4976-89BA-D2F1DB40EFC4}.Release|Any CPU.Build.0 = Release|Any CPU
		{2E8D4541-EEEF-4F7C-8A41-59626F599E2D}.Debug|Any CPU.ActiveCfg = Debug|Any CPU
		{2E8D4541-EEEF-4F7C-8A41-59626F599E2D}.Debug|Any CPU.Build.0 = Debug|Any CPU
		{2E8D4541-EEEF-4F7C-8A41-59626F599E2D}.Release|Any CPU.ActiveCfg = Release|Any CPU
		{2E8D4541-EEEF-4F7C-8A41-59626F599E2D}.Release|Any CPU.Build.0 = Release|Any CPU
		{55A5F6C5-05A7-42BF-82D1-5BC713016481}.Debug|Any CPU.ActiveCfg = Debug|Any CPU
		{55A5F6C5-05A7-42BF-82D1-5BC713016481}.Debug|Any CPU.Build.0 = Debug|Any CPU
		{55A5F6C5-05A7-42BF-82D1-5BC713016481}.Release|Any CPU.ActiveCfg = Release|Any CPU
		{55A5F6C5-05A7-42BF-82D1-5BC713016481}.Release|Any CPU.Build.0 = Release|Any CPU
		{3AB21EB6-65DC-42B1-9B3F-8AEAA29572F3}.Debug|Any CPU.ActiveCfg = Debug|Any CPU
		{3AB21EB6-65DC-42B1-9B3F-8AEAA29572F3}.Debug|Any CPU.Build.0 = Debug|Any CPU
		{3AB21EB6-65DC-42B1-9B3F-8AEAA29572F3}.Release|Any CPU.ActiveCfg = Release|Any CPU
		{3AB21EB6-65DC-42B1-9B3F-8AEAA29572F3}.Release|Any CPU.Build.0 = Release|Any CPU
	EndGlobalSection
	GlobalSection(SolutionProperties) = preSolution
		HideSolutionNode = FALSE
	EndGlobalSection
	GlobalSection(ExtensibilityGlobals) = postSolution
		SolutionGuid = {C57621A8-B35D-442F-8098-589458F6B1B3}
	EndGlobalSection
EndGlobal
